
Microsoft Visual Studio Solution File, Format Version 12.00
# Visual Studio Version 16
VisualStudioVersion = 16.0.31205.134
MinimumVisualStudioVersion = 10.0.40219.1
Project("{FAE04EC0-301F-11D3-BF4B-00C04F79EFBC}") = "MassK (Old Repository)", "MassK\MassK (Old Repository).csproj", "{D2F9AD5A-71E7-4DFF-ABA5-A6EE849BDF8F}"
EndProject
Global
	GlobalSection(SolutionConfigurationPlatforms) = preSolution
		Debug|Any CPU = Debug|Any CPU
		Release|Any CPU = Release|Any CPU
	EndGlobalSection
	GlobalSection(ProjectConfigurationPlatforms) = postSolution
		{D2F9AD5A-71E7-4DFF-ABA5-A6EE849BDF8F}.Debug|Any CPU.ActiveCfg = Debug|Any CPU
		{D2F9AD5A-71E7-4DFF-ABA5-A6EE849BDF8F}.Debug|Any CPU.Build.0 = Debug|Any CPU
		{D2F9AD5A-71E7-4DFF-ABA5-A6EE849BDF8F}.Release|Any CPU.ActiveCfg = Release|Any CPU
		{D2F9AD5A-71E7-4DFF-ABA5-A6EE849BDF8F}.Release|Any CPU.Build.0 = Release|Any CPU
	EndGlobalSection
	GlobalSection(SolutionProperties) = preSolution
		HideSolutionNode = FALSE
	EndGlobalSection
	GlobalSection(ExtensibilityGlobals) = postSolution
		SolutionGuid = {26D562D5-E10A-4ED1-9CB5-F50732E0E197}
	EndGlobalSection
EndGlobal
